PODS:
  - COSTouchVisualizer (1.0.6)
  - Crashlytics (3.8.2):
    - Fabric (~> 1.6.3)
  - Fabric (1.6.9)
  - iVersion (1.11.4)

DEPENDENCIES:
  - COSTouchVisualizer
  - Crashlytics
  - Fabric
  - iVersion

SPEC CHECKSUMS:
  COSTouchVisualizer: a398089327a6c02897823614d7447ccc97198997
  Crashlytics: 27acca95a01b042a8294291dd6dff27f8f6af6d7
  Fabric: bc5bec42cef4bcf1ee3ce0e218fc518e4b44dfbb
  iVersion: 2b6ffe708672cb494ba3cab150a94800c2892e81

PODFILE CHECKSUM: 81b1ff7f2b0080d6173d98af169c1574fd76940c

COCOAPODS: 1.1.0.rc.3
